
Microsoft Visual Studio Solution File, Format Version 12.00
Project("{FAE04EC0-301F-11D3-BF4B-00C04F79EFBC}") = "Core", "Core\Core.csproj", "{617C0578-0373-4EDC-A5D1-BE52812C4496}"
EndProject
Project("{2150E333-8FDC-42A3-9474-1A3956D46DE8}") = "Solution Items", "Solution Items", "{5D2EF14B-3906-493D-8B1A-606A15FF71E5}"
	ProjectSection(SolutionItems) = preProject
		README.md = README.md
	EndProjectSection
EndProject
Project("{FAE04EC0-301F-11D3-BF4B-00C04F79EFBC}") = "Tests", "Tests\Tests.csproj", "{761F0E4B-B77F-4616-9E39-E92613F84763}"
EndProject
Global
	GlobalSection(SolutionConfigurationPlatforms) = preSolution
		Debug|Any CPU = Debug|Any CPU
		Release|Any CPU = Release|Any CPU
	EndGlobalSection
	GlobalSection(ProjectConfigurationPlatforms) = postSolution
		{617C0578-0373-4EDC-A5D1-BE52812C4496}.Debug|Any CPU.ActiveCfg = Debug|Any CPU
		{617C0578-0373-4EDC-A5D1-BE52812C4496}.Debug|Any CPU.Build.0 = Debug|Any CPU
		{617C0578-0373-4EDC-A5D1-BE52812C4496}.Release|Any CPU.ActiveCfg = Release|Any CPU
		{617C0578-0373-4EDC-A5D1-BE52812C4496}.Release|Any CPU.Build.0 = Release|Any CPU
		{761F0E4B-B77F-4616-9E39-E92613F84763}.Debug|Any CPU.ActiveCfg = Debug|Any CPU
		{761F0E4B-B77F-4616-9E39-E92613F84763}.Debug|Any CPU.Build.0 = Debug|Any CPU
		{761F0E4B-B77F-4616-9E39-E92613F84763}.Release|Any CPU.ActiveCfg = Release|Any CPU
		{761F0E4B-B77F-4616-9E39-E92613F84763}.Release|Any CPU.Build.0 = Release|Any CPU
	EndGlobalSection
EndGlobal
